
Microsoft Visual Studio Solution File, Format Version 12.00
# Visual Studio Version 16
VisualStudioVersion = 16.0.32228.343
MinimumVisualStudioVersion = 10.0.40219.1
Project("{8BC9CEB8-8B4A-11D0-8D11-00A0C91BC942}") = "sm3_op", "sm3_op\sm3_op.vcxproj", "{8A7B3AF1-1727-40A6-BD93-139F16231190}"
EndProject
Global
	GlobalSection(SolutionConfigurationPlatforms) = preSolution
		Debug|x64 = Debug|x64
		Debug|x86 = Debug|x86
		Release|x64 = Release|x64
		Release|x86 = Release|x86
	EndGlobalSection
	GlobalSection(ProjectConfigurationPlatforms) = postSolution
		{8A7B3AF1-1727-40A6-BD93-139F16231190}.Debug|x64.ActiveCfg = Debug|x64
		{8A7B3AF1-1727-40A6-BD93-139F16231190}.Debug|x64.Build.0 = Debug|x64
		{8A7B3AF1-1727-40A6-BD93-139F16231190}.Debug|x86.ActiveCfg = Debug|Win32
		{8A7B3AF1-1727-40A6-BD93-139F16231190}.Debug|x86.Build.0 = Debug|Win32
		{8A7B3AF1-1727-40A6-BD93-139F16231190}.Release|x64.ActiveCfg = Release|x64
		{8A7B3AF1-1727-40A6-BD93-139F16231190}.Release|x64.Build.0 = Release|x64
		{8A7B3AF1-1727-40A6-BD93-139F16231190}.Release|x86.ActiveCfg = Release|Win32
		{8A7B3AF1-1727-40A6-BD93-139F16231190}.Release|x86.Build.0 = Release|Win32
	EndGlobalSection
	GlobalSection(SolutionProperties) = preSolution
		HideSolutionNode = FALSE
	EndGlobalSection
	GlobalSection(ExtensibilityGlobals) = postSolution
		SolutionGuid = {755EF828-DA30-4F89-BEA5-F97B25EC5E63}
	EndGlobalSection
EndGlobal
